
Microsoft Visual Studio Solution File, Format Version 12.00
# Visual Studio 15
Project("{FAE04EC0-301F-11D3-BF4B-00C04F79EFBC}") = "Unity.XR.Interaction.Toolkit.Samples.SpatialKeyboard", "Unity.XR.Interaction.Toolkit.Samples.SpatialKeyboard.csproj", "{D15975BB-D6DC-51C6-A00A-661EB8F98A32}"
EndProject
Project("{FAE04EC0-301F-11D3-BF4B-00C04F79EFBC}") = "Assembly-CSharp", "Assembly-CSharp.csproj", "{DCED6A7A-6FA7-7194-4E2E-2A21D552ADBE}"
EndProject
Project("{FAE04EC0-301F-11D3-BF4B-00C04F79EFBC}") = "Unity.XR.Content.Interaction", "Unity.XR.Content.Interaction.csproj", "{653CA20C-1503-3195-0489-939FBD43763E}"
EndProject
Project("{FAE04EC0-301F-11D3-BF4B-00C04F79EFBC}") = "Unity.XR.Interaction.Toolkit.Samples.SpatialKeyboard.Editor", "Unity.XR.Interaction.Toolkit.Samples.SpatialKeyboard.Editor.csproj", "{3E5F92BD-29D1-146D-7B54-21002CC06F8C}"
EndProject
Project("{FAE04EC0-301F-11D3-BF4B-00C04F79EFBC}") = "Unity.XR.Interaction.Toolkit.Samples.StarterAssets", "Unity.XR.Interaction.Toolkit.Samples.StarterAssets.csproj", "{D07705AA-7DFB-3638-6CD4-3F488DB5795F}"
EndProject
Project("{FAE04EC0-301F-11D3-BF4B-00C04F79EFBC}") = "Unity.XR.Content.Interaction.Analytics", "Unity.XR.Content.Interaction.Analytics.csproj", "{96CA21F7-BEEE-8939-16DA-0BAC594CBC94}"
EndProject
Project("{FAE04EC0-301F-11D3-BF4B-00C04F79EFBC}") = "Unity.XR.Interaction.Toolkit.Samples.StarterAssets.Editor", "Unity.XR.Interaction.Toolkit.Samples.StarterAssets.Editor.csproj", "{306DE5FA-072D-950F-85BB-9FB0CE6DDF29}"
EndProject
Project("{FAE04EC0-301F-11D3-BF4B-00C04F79EFBC}") = "Unity.XR.Interaction.Toolkit.Samples.DeviceSimulator", "Unity.XR.Interaction.Toolkit.Samples.DeviceSimulator.csproj", "{C9211428-B63A-E607-A149-B99B422AD45A}"
EndProject
Global
	GlobalSection(SolutionConfigurationPlatforms) = preSolution
		Debug|Any CPU = Debug|Any CPU
		Release|Any CPU = Release|Any CPU
	EndGlobalSection
	GlobalSection(ProjectConfigurationPlatforms) = postSolution
		{D15975BB-D6DC-51C6-A00A-661EB8F98A32}.Debug|Any CPU.ActiveCfg = Debug|Any CPU
		{D15975BB-D6DC-51C6-A00A-661EB8F98A32}.Debug|Any CPU.Build.0 = Debug|Any CPU
		{D15975BB-D6DC-51C6-A00A-661EB8F98A32}.Release|Any CPU.ActiveCfg = Release|Any CPU
		{D15975BB-D6DC-51C6-A00A-661EB8F98A32}.Release|Any CPU.Build.0 = Release|Any CPU
		{DCED6A7A-6FA7-7194-4E2E-2A21D552ADBE}.Debug|Any CPU.ActiveCfg = Debug|Any CPU
		{DCED6A7A-6FA7-7194-4E2E-2A21D552ADBE}.Debug|Any CPU.Build.0 = Debug|Any CPU
		{DCED6A7A-6FA7-7194-4E2E-2A21D552ADBE}.Release|Any CPU.ActiveCfg = Release|Any CPU
		{DCED6A7A-6FA7-7194-4E2E-2A21D552ADBE}.Release|Any CPU.Build.0 = Release|Any CPU
		{653CA20C-1503-3195-0489-939FBD43763E}.Debug|Any CPU.ActiveCfg = Debug|Any CPU
		{653CA20C-1503-3195-0489-939FBD43763E}.Debug|Any CPU.Build.0 = Debug|Any CPU
		{653CA20C-1503-3195-0489-939FBD43763E}.Release|Any CPU.ActiveCfg = Release|Any CPU
		{653CA20C-1503-3195-0489-939FBD43763E}.Release|Any CPU.Build.0 = Release|Any CPU
		{3E5F92BD-29D1-146D-7B54-21002CC06F8C}.Debug|Any CPU.ActiveCfg = Debug|Any CPU
		{3E5F92BD-29D1-146D-7B54-21002CC06F8C}.Debug|Any CPU.Build.0 = Debug|Any CPU
		{3E5F92BD-29D1-146D-7B54-21002CC06F8C}.Release|Any CPU.ActiveCfg = Release|Any CPU
		{3E5F92BD-29D1-146D-7B54-21002CC06F8C}.Release|Any CPU.Build.0 = Release|Any CPU
		{D07705AA-7DFB-3638-6CD4-3F488DB5795F}.Debug|Any CPU.ActiveCfg = Debug|Any CPU
		{D07705AA-7DFB-3638-6CD4-3F488DB5795F}.Debug|Any CPU.Build.0 = Debug|Any CPU
		{D07705AA-7DFB-3638-6CD4-3F488DB5795F}.Release|Any CPU.ActiveCfg = Release|Any CPU
		{D07705AA-7DFB-3638-6CD4-3F488DB5795F}.Release|Any CPU.Build.0 = Release|Any CPU
		{96CA21F7-BEEE-8939-16DA-0BAC594CBC94}.Debug|Any CPU.ActiveCfg = Debug|Any CPU
		{96CA21F7-BEEE-8939-16DA-0BAC594CBC94}.Debug|Any CPU.Build.0 = Debug|Any CPU
		{96CA21F7-BEEE-8939-16DA-0BAC594CBC94}.Release|Any CPU.ActiveCfg = Release|Any CPU
		{96CA21F7-BEEE-8939-16DA-0BAC594CBC94}.Release|Any CPU.Build.0 = Release|Any CPU
		{306DE5FA-072D-950F-85BB-9FB0CE6DDF29}.Debug|Any CPU.ActiveCfg = Debug|Any CPU
		{306DE5FA-072D-950F-85BB-9FB0CE6DDF29}.Debug|Any CPU.Build.0 = Debug|Any CPU
		{306DE5FA-072D-950F-85BB-9FB0CE6DDF29}.Release|Any CPU.ActiveCfg = Release|Any CPU
		{306DE5FA-072D-950F-85BB-9FB0CE6DDF29}.Release|Any CPU.Build.0 = Release|Any CPU
		{C9211428-B63A-E607-A149-B99B422AD45A}.Debug|Any CPU.ActiveCfg = Debug|Any CPU
		{C9211428-B63A-E607-A149-B99B422AD45A}.Debug|Any CPU.Build.0 = Debug|Any CPU
		{C9211428-B63A-E607-A149-B99B422AD45A}.Release|Any CPU.ActiveCfg = Release|Any CPU
		{C9211428-B63A-E607-A149-B99B422AD45A}.Release|Any CPU.Build.0 = Release|Any CPU
	EndGlobalSection
	GlobalSection(SolutionProperties) = preSolution
		HideSolutionNode = FALSE
	EndGlobalSection
EndGlobal
